<?xml version="1.0" encoding="UTF-8" standalone="yes" ?>
<CodeBlocks_project_file>
	<FileVersion major="1" minor="6" />
	<Project>
		<Option title="server" />
		<Option pch_mode="2" />
		<Option compiler="gcc" />
		<Build>
			<Target title="Win32">
				<Option output="bin\win32\server" prefix_auto="1" extension_auto="1" />
				<Option object_output="obj\win32\" />
				<Option type="1" />
				<Option compiler="gcc" />
				<Compiler>
					<Add option="-O3" />
					<Add option="-pedantic" />
					<Add option="-W" />
					<Add option="-Wall" />
					<Add option="-g" />
					<Add option="-DWIN32" />
				</Compiler>
			</Target>
		</Build>
		<Compiler>
			<Add option="-Wall" />
			<Add directory="include" />
		</Compiler>
		<Linker>
			<Add library="libs\libws2_32.a" />
		</Linker>
		<Unit filename="include\bullet.hpp" />
		<Unit filename="include\entity.hpp" />
		<Unit filename="include\filesystem\fileException.hpp" />
		<Unit filename="include\filesystem\fileWindows.hpp" />
		<Unit filename="include\filesystem\iFile.hpp" />
		<Unit filename="include\game.hpp" />
		<Unit filename="include\identifiable.hpp" />
		<Unit filename="include\level.hpp" />
		<Unit filename="include\library\iLibrary.hpp" />
		<Unit filename="include\library\libraryException.hpp" />
		<Unit filename="include\library\libraryWindows.hpp" />
		<Unit filename="include\math\time.hpp" />
		<Unit filename="include\math\vertex.hpp" />
		<Unit filename="include\monster.hpp" />
		<Unit filename="include\monsterType.hpp" />
		<Unit filename="include\player.hpp" />
		<Unit filename="include\rocket.hpp" />
		<Unit filename="include\server.hpp" />
		<Unit filename="include\sockets\iSocket.hpp" />
		<Unit filename="include\sockets\socketException.hpp" />
		<Unit filename="include\sockets\socketWindows.hpp" />
		<Unit filename="include\spawn.hpp" />
		<Unit filename="include\threads\iThread.hpp" />
		<Unit filename="include\threads\threadException.hpp" />
		<Unit filename="include\threads\threadUnix.hpp" />
		<Unit filename="include\threads\threadWindows.hpp" />
		<Unit filename="src\bullet.cpp" />
		<Unit filename="src\entity.cpp" />
		<Unit filename="src\filesystem\fileException.cpp" />
		<Unit filename="src\filesystem\fileWindows.cpp" />
		<Unit filename="src\game.cpp" />
		<Unit filename="src\identifiable.cpp" />
		<Unit filename="src\level.cpp" />
		<Unit filename="src\library\libraryException.cpp" />
		<Unit filename="src\library\libraryWindows.cpp" />
		<Unit filename="src\main.cpp" />
		<Unit filename="src\math\vertex.cpp" />
		<Unit filename="src\monster.cpp" />
		<Unit filename="src\monsterType.cpp" />
		<Unit filename="src\player.cpp" />
		<Unit filename="src\rocket.cpp" />
		<Unit filename="src\server.cpp" />
		<Unit filename="src\sockets\socketException.cpp" />
		<Unit filename="src\sockets\socketWindows.cpp" />
		<Unit filename="src\spawn.cpp" />
		<Unit filename="src\threads\threadException.cpp" />
		<Unit filename="src\threads\threadWindows.cpp" />
		<Unit filename="src\time.cpp" />
		<Extensions>
			<code_completion />
			<debugger />
		</Extensions>
	</Project>
</CodeBlocks_project_file>
